
Microsoft Visual Studio Solution File, Format Version 12.00
# Visual Studio 15
VisualStudioVersion = 15.0.28307.1705
MinimumVisualStudioVersion = 10.0.40219.1
Project("{FAE04EC0-301F-11D3-BF4B-00C04F79EFBC}") = "BankApplication", "BankApplication\BankApplication.csproj", "{7B81936C-B5F3-43EB-9156-FAEEC38DDFD4}"
EndProject
Project("{FAE04EC0-301F-11D3-BF4B-00C04F79EFBC}") = "BankApplicationUnitTest", "UnitTestProject1\BankApplicationUnitTest.csproj", "{6B702DA0-AD17-4A69-AE7B-12B7DED8963E}"
EndProject
Global
	GlobalSection(SolutionConfigurationPlatforms) = preSolution
		Debug|Any CPU = Debug|Any CPU
		Release|Any CPU = Release|Any CPU
	EndGlobalSection
	GlobalSection(ProjectConfigurationPlatforms) = postSolution
		{7B81936C-B5F3-43EB-9156-FAEEC38DDFD4}.Debug|Any CPU.ActiveCfg = Debug|Any CPU
		{7B81936C-B5F3-43EB-9156-FAEEC38DDFD4}.Debug|Any CPU.Build.0 = Debug|Any CPU
		{7B81936C-B5F3-43EB-9156-FAEEC38DDFD4}.Release|Any CPU.ActiveCfg = Release|Any CPU
		{7B81936C-B5F3-43EB-9156-FAEEC38DDFD4}.Release|Any CPU.Build.0 = Release|Any CPU
		{6B702DA0-AD17-4A69-AE7B-12B7DED8963E}.Debug|Any CPU.ActiveCfg = Debug|Any CPU
		{6B702DA0-AD17-4A69-AE7B-12B7DED8963E}.Debug|Any CPU.Build.0 = Debug|Any CPU
		{6B702DA0-AD17-4A69-AE7B-12B7DED8963E}.Release|Any CPU.ActiveCfg = Release|Any CPU
		{6B702DA0-AD17-4A69-AE7B-12B7DED8963E}.Release|Any CPU.Build.0 = Release|Any CPU
	EndGlobalSection
	GlobalSection(SolutionProperties) = preSolution
		HideSolutionNode = FALSE
	EndGlobalSection
	GlobalSection(ExtensibilityGlobals) = postSolution
		SolutionGuid = {265844DC-6DEF-44E6-A189-5C20A61F8D8D}
	EndGlobalSection
EndGlobal
